// !$*UTF8*$!
{
	archiveVersion = 1;
	classes = {
	};
	objectVersion = 56;
	objects = {

/* Begin PBXBuildFile section */
		BAD476972C3C9074002428E4 /* DataPracticeApp.swift in Sources */ = {isa = PBXBuildFile; fileRef = BAD476962C3C9074002428E4 /* DataPracticeApp.swift */; };
		BAD476992C3C9074002428E4 /* ContentView.swift in Sources */ = {isa = PBXBuildFile; fileRef = BAD476982C3C9074002428E4 /* ContentView.swift */; };
		BAD4769B2C3C9074002428E4 /* Item.swift in Sources */ = {isa = PBXBuildFile; fileRef = BAD4769A2C3C9074002428E4 /* Item.swift */; };
		BAD4769D2C3C9077002428E4 /* Assets.xcassets in Resources */ = {isa = PBXBuildFile; fileRef = BAD4769C2C3C9077002428E4 /* Assets.xcassets */; };
		BAD476A02C3C9077002428E4 /* Preview Assets.xcassets in Resources */ = {isa = PBXBuildFile; fileRef = BAD4769F2C3C9077002428E4 /* Preview Assets.xcassets */; };
		BAD476AA2C3C9078002428E4 /* DataPracticeTests.swift in Sources */ = {isa = PBXBuildFile; fileRef = BAD476A92C3C9078002428E4 /* DataPracticeTests.swift */; };
		BAD476B42C3C9078002428E4 /* DataPracticeUITests.swift in Sources */ = {isa = PBXBuildFile; fileRef = BAD476B32C3C9078002428E4 /* DataPracticeUITests.swift */; };
		BAD476B62C3C9078002428E4 /* DataPracticeUITestsLaunchTests.swift in Sources */ = {isa = PBXBuildFile; fileRef = BAD476B52C3C9078002428E4 /* DataPracticeUITestsLaunchTests.swift */; };
/* End PBXBuildFile section */

/* Begin PBXContainerItemProxy section */
		BAD476A62C3C9078002428E4 /* PBXContainerItemProxy */ = {
			isa = PBXContainerItemProxy;
			containerPortal = BAD4768B2C3C9074002428E4 /* Project object */;
			proxyType = 1;
			remoteGlobalIDString = BAD476922C3C9074002428E4;
			remoteInfo = DataPractice;
		};
		BAD476B02C3C9078002428E4 /* PBXContainerItemProxy */ = {
			isa = PBXContainerItemProxy;
			containerPortal = BAD4768B2C3C9074002428E4 /* Project object */;
			proxyType = 1;
			remoteGlobalIDString = BAD476922C3C9074002428E4;
			remoteInfo = DataPractice;
		};
/* End PBXContainerItemProxy section */

/* Begin PBXFileReference section */
		BAD476932C3C9074002428E4 /* DataPractice.app */ = {isa = PBXFileReference; explicitFileType = wrapper.application; includeInIndex = 0; path = DataPractice.app; sourceTree = BUILT_PRODUCTS_DIR; };
		BAD476962C3C9074002428E4 /* DataPracticeApp.swift */ = {isa = PBXFileReference; lastKnownFileType = sourcecode.swift; path = DataPracticeApp.swift; sourceTree = "<group>"; };
		BAD476982C3C9074002428E4 /* ContentView.swift */ = {isa = PBXFileReference; lastKnownFileType = sourcecode.swift; path = ContentView.swift; sourceTree = "<group>"; };
		BAD4769A2C3C9074002428E4 /* Item.swift */ = {isa = PBXFileReference; lastKnownFileType = sourcecode.swift; path = Item.swift; sourceTree = "<group>"; };
		BAD4769C2C3C9077002428E4 /* Assets.xcassets */ = {isa = PBXFileReference; lastKnownFileType = folder.assetcatalog; path = Assets.xcassets; sourceTree = "<group>"; };
		BAD4769F2C3C9077002428E4 /* Preview Assets.xcassets */ = {isa = PBXFileReference; lastKnownFileType = folder.assetcatalog; path = "Preview Assets.xcassets"; sourceTree = "<group>"; };
		BAD476A52C3C9078002428E4 /* DataPracticeTests.xctest */ = {isa = PBXFileReference; explicitFileType = wrapper.cfbundle; includeInIndex = 0; path = DataPracticeTests.xctest; sourceTree = BUILT_PRODUCTS_DIR; };
		BAD476A92C3C9078002428E4 /* DataPracticeTests.swift */ = {isa = PBXFileReference; lastKnownFileType = sourcecode.swift; path = DataPracticeTests.swift; sourceTree = "<group>"; };
		BAD476AF2C3C9078002428E4 /* DataPracticeUITests.xctest */ = {isa = PBXFileReference; explicitFileType = wrapper.cfbundle; includeInIndex = 0; path = DataPracticeUITests.xctest; sourceTree = BUILT_PRODUCTS_DIR; };
		BAD476B32C3C9078002428E4 /* DataPracticeUITests.swift */ = {isa = PBXFileReference; lastKnownFileType = sourcecode.swift; path = DataPracticeUITests.swift; sourceTree = "<group>"; };
		BAD476B52C3C9078002428E4 /* DataPracticeUITestsLaunchTests.swift */ = {isa = PBXFileReference; lastKnownFileType = sourcecode.swift; path = DataPracticeUITestsLaunchTests.swift; sourceTree = "<group>"; };
/* End PBXFileReference section */

/* Begin PBXFrameworksBuildPhase section */
		BAD476902C3C9074002428E4 /* Frameworks */ = {
			isa = PBXFrameworksBuildPhase;
			buildActionMask = 2147483647;
			files = (
			);
			runOnlyForDeploymentPostprocessing = 0;
		};
		BAD476A22C3C9078002428E4 /* Frameworks */ = {
			isa = PBXFrameworksBuildPhase;
			buildActionMask = 2147483647;
			files = (
			);
			runOnlyForDeploymentPostprocessing = 0;
		};
		BAD476AC2C3C9078002428E4 /* Frameworks */ = {
			isa = PBXFrameworksBuildPhase;
			buildActionMask = 2147483647;
			files = (
			);
			runOnlyForDeploymentPostprocessing = 0;
		};
/* End PBXFrameworksBuildPhase section */

/* Begin PBXGroup section */
		BAD4768A2C3C9074002428E4 = {
			isa = PBXGroup;
			children = (
				BAD476952C3C9074002428E4 /* DataPractice */,
				BAD476A82C3C9078002428E4 /* DataPracticeTests */,
				BAD476B22C3C9078002428E4 /* DataPracticeUITests */,
				BAD476942C3C9074002428E4 /* Products */,
			);
			sourceTree = "<group>";
		};
		BAD476942C3C9074002428E4 /* Products */ = {
			isa = PBXGroup;
			children = (
				BAD476932C3C9074002428E4 /* DataPractice.app */,
				BAD476A52C3C9078002428E4 /* DataPracticeTests.xctest */,
				BAD476AF2C3C9078002428E4 /* DataPracticeUITests.xctest */,
			);
			name = Products;
			sourceTree = "<group>";
		};
		BAD476952C3C9074002428E4 /* DataPractice */ = {
			isa = PBXGroup;
			children = (
				BAD476962C3C9074002428E4 /* DataPracticeApp.swift */,
				BAD476982C3C9074002428E4 /* ContentView.swift */,
				BAD4769A2C3C9074002428E4 /* Item.swift */,
				BAD4769C2C3C9077002428E4 /* Assets.xcassets */,
				BAD4769E2C3C9077002428E4 /* Preview Content */,
			);
			path = DataPractice;
			sourceTree = "<group>";
		};
		BAD4769E2C3C9077002428E4 /* Preview Content */ = {
			isa = PBXGroup;
			children = (
				BAD4769F2C3C9077002428E4 /* Preview Assets.xcassets */,
			);
			path = "Preview Content";
			sourceTree = "<group>";
		};
		BAD476A82C3C9078002428E4 /* DataPracticeTests */ = {
			isa = PBXGroup;
			children = (
				BAD476A92C3C9078002428E4 /* DataPracticeTests.swift */,
			);
			path = DataPracticeTests;
			sourceTree = "<group>";
		};
		BAD476B22C3C9078002428E4 /* DataPracticeUITests */ = {
			isa = PBXGroup;
			children = (
				BAD476B32C3C9078002428E4 /* DataPracticeUITests.swift */,
				BAD476B52C3C9078002428E4 /* DataPracticeUITestsLaunchTests.swift */,
			);
			path = DataPracticeUITests;
			sourceTree = "<group>";
		};
/* End PBXGroup section */

/* Begin PBXNativeTarget section */
		BAD476922C3C9074002428E4 /* DataPractice */ = {
			isa = PBXNativeTarget;
			buildConfigurationList = BAD476B92C3C9078002428E4 /* Build configuration list for PBXNativeTarget "DataPractice" */;
			buildPhases = (
				BAD4768F2C3C9074002428E4 /* Sources */,
				BAD476902C3C9074002428E4 /* Frameworks */,
				BAD476912C3C9074002428E4 /* Resources */,
			);
			buildRules = (
			);
			dependencies = (
			);
			name = DataPractice;
			productName = DataPractice;
			productReference = BAD476932C3C9074002428E4 /* DataPractice.app */;
			productType = "com.apple.product-type.application";
		};
		BAD476A42C3C9078002428E4 /* DataPracticeTests */ = {
			isa = PBXNativeTarget;
			buildConfigurationList = BAD476BC2C3C9078002428E4 /* Build configuration list for PBXNativeTarget "DataPracticeTests" */;
			buildPhases = (
				BAD476A12C3C9078002428E4 /* Sources */,
				BAD476A22C3C9078002428E4 /* Frameworks */,
				BAD476A32C3C9078002428E4 /* Resources */,
			);
			buildRules = (
			);
			dependencies = (
				BAD476A72C3C9078002428E4 /* PBXTargetDependency */,
			);
			name = DataPracticeTests;
			productName = DataPracticeTests;
			productReference = BAD476A52C3C9078002428E4 /* DataPracticeTests.xctest */;
			productType = "com.apple.product-type.bundle.unit-test";
		};
		BAD476AE2C3C9078002428E4 /* DataPracticeUITests */ = {
			isa = PBXNativeTarget;
			buildConfigurationList = BAD476BF2C3C9078002428E4 /* Build configuration list for PBXNativeTarget "DataPracticeUITests" */;
			buildPhases = (
				BAD476AB2C3C9078002428E4 /* Sources */,
				BAD476AC2C3C9078002428E4 /* Frameworks */,
				BAD476AD2C3C9078002428E4 /* Resources */,
			);
			buildRules = (
			);
			dependencies = (
				BAD476B12C3C9078002428E4 /* PBXTargetDependency */,
			);
			name = DataPracticeUITests;
			productName = DataPracticeUITests;
			productReference = BAD476AF2C3C9078002428E4 /* DataPracticeUITests.xctest */;
			productType = "com.apple.product-type.bundle.ui-testing";
		};
/* End PBXNativeTarget section */

/* Begin PBXProject section */
		BAD4768B2C3C9074002428E4 /* Project object */ = {
			isa = PBXProject;
			attributes = {
				BuildIndependentTargetsInParallel = 1;
				LastSwiftUpdateCheck = 1540;
				LastUpgradeCheck = 1540;
				TargetAttributes = {
					BAD476922C3C9074002428E4 = {
						CreatedOnToolsVersion = 15.4;
					};
					BAD476A42C3C9078002428E4 = {
						CreatedOnToolsVersion = 15.4;
						TestTargetID = BAD476922C3C9074002428E4;
					};
					BAD476AE2C3C9078002428E4 = {
						CreatedOnToolsVersion = 15.4;
						TestTargetID = BAD476922C3C9074002428E4;
					};
				};
			};
			buildConfigurationList = BAD4768E2C3C9074002428E4 /* Build configuration list for PBXProject "DataPractice" */;
			compatibilityVersion = "Xcode 14.0";
			developmentRegion = en;
			hasScannedForEncodings = 0;
			knownRegions = (
				en,
				Base,
			);
			mainGroup = BAD4768A2C3C9074002428E4;
			productRefGroup = BAD476942C3C9074002428E4 /* Products */;
			projectDirPath = "";
			projectRoot = "";
			targets = (
				BAD476922C3C9074002428E4 /* DataPractice */,
				BAD476A42C3C9078002428E4 /* DataPracticeTests */,
				BAD476AE2C3C9078002428E4 /* DataPracticeUITests */,
			);
		};
/* End PBXProject section */

/* Begin PBXResourcesBuildPhase section */
		BAD476912C3C9074002428E4 /* Resources */ = {
			isa = PBXResourcesBuildPhase;
			buildActionMask = 2147483647;
			files = (
				BAD476A02C3C9077002428E4 /* Preview Assets.xcassets in Resources */,
				BAD4769D2C3C9077002428E4 /* Assets.xcassets in Resources */,
			);
			runOnlyForDeploymentPostprocessing = 0;
		};
		BAD476A32C3C9078002428E4 /* Resources */ = {
			isa = PBXResourcesBuildPhase;
			buildActionMask = 2147483647;
			files = (
			);
			runOnlyForDeploymentPostprocessing = 0;
		};
		BAD476AD2C3C9078002428E4 /* Resources */ = {
			isa = PBXResourcesBuildPhase;
			buildActionMask = 2147483647;
			files = (
			);
			runOnlyForDeploymentPostprocessing = 0;
		};
/* End PBXResourcesBuildPhase section */

/* Begin PBXSourcesBuildPhase section */
		BAD4768F2C3C9074002428E4 /* Sources */ = {
			isa = PBXSourcesBuildPhase;
			buildActionMask = 2147483647;
			files = (
				BAD476992C3C9074002428E4 /* ContentView.swift in Sources */,
				BAD4769B2C3C9074002428E4 /* Item.swift in Sources */,
				BAD476972C3C9074002428E4 /* DataPracticeApp.swift in Sources */,
			);
			runOnlyForDeploymentPostprocessing = 0;
		};
		BAD476A12C3C9078002428E4 /* Sources */ = {
			isa = PBXSourcesBuildPhase;
			buildActionMask = 2147483647;
			files = (
				BAD476AA2C3C9078002428E4 /* DataPracticeTests.swift in Sources */,
			);
			runOnlyForDeploymentPostprocessing = 0;
		};
		BAD476AB2C3C9078002428E4 /* Sources */ = {
			isa = PBXSourcesBuildPhase;
			buildActionMask = 2147483647;
			files = (
				BAD476B42C3C9078002428E4 /* DataPracticeUITests.swift in Sources */,
				BAD476B62C3C9078002428E4 /* DataPracticeUITestsLaunchTests.swift in Sources */,
			);
			runOnlyForDeploymentPostprocessing = 0;
		};
/* End PBXSourcesBuildPhase section */

/* Begin PBXTargetDependency section */
		BAD476A72C3C9078002428E4 /* PBXTargetDependency */ = {
			isa = PBXTargetDependency;
			target = BAD476922C3C9074002428E4 /* DataPractice */;
			targetProxy = BAD476A62C3C9078002428E4 /* PBXContainerItemProxy */;
		};
		BAD476B12C3C9078002428E4 /* PBXTargetDependency */ = {
			isa = PBXTargetDependency;
			target = BAD476922C3C9074002428E4 /* DataPractice */;
			targetProxy = BAD476B02C3C9078002428E4 /* PBXContainerItemProxy */;
		};
/* End PBXTargetDependency section */

/* Begin XCBuildConfiguration section */
		BAD476B72C3C9078002428E4 /* Debug */ = {
			isa = XCBuildConfiguration;
			buildSettings = {
				ALWAYS_SEARCH_USER_PATHS = NO;
				ASSETCATALOG_COMPILER_GENERATE_SWIFT_ASSET_SYMBOL_EXTENSIONS = YES;
				CLANG_ANALYZER_NONNULL = YES;
				CLANG_ANALYZER_NUMBER_OBJECT_CONVERSION = YES_AGGRESSIVE;
				CLANG_CXX_LANGUAGE_STANDARD = "gnu++20";
				CLANG_ENABLE_MODULES = YES;
				CLANG_ENABLE_OBJC_ARC = YES;
				CLANG_ENABLE_OBJC_WEAK = YES;
				CLANG_WARN_BLOCK_CAPTURE_AUTORELEASING = YES;
				CLANG_WARN_BOOL_CONVERSION = YES;
				CLANG_WARN_COMMA = YES;
				CLANG_WARN_CONSTANT_CONVERSION = YES;
				CLANG_WARN_DEPRECATED_OBJC_IMPLEMENTATIONS = YES;
				CLANG_WARN_DIRECT_OBJC_ISA_USAGE = YES_ERROR;
				CLANG_WARN_DOCUMENTATION_COMMENTS = YES;
				CLANG_WARN_EMPTY_BODY = YES;
				CLANG_WARN_ENUM_CONVERSION = YES;
				CLANG_WARN_INFINITE_RECURSION = YES;
				CLANG_WARN_INT_CONVERSION = YES;
				CLANG_WARN_NON_LITERAL_NULL_CONVERSION = YES;
				CLANG_WARN_OBJC_IMPLICIT_RETAIN_SELF = YES;
				CLANG_WARN_OBJC_LITERAL_CONVERSION = YES;
				CLANG_WARN_OBJC_ROOT_CLASS = YES_ERROR;
				CLANG_WARN_QUOTED_INCLUDE_IN_FRAMEWORK_HEADER = YES;
				CLANG_WARN_RANGE_LOOP_ANALYSIS = YES;
				CLANG_WARN_STRICT_PROTOTYPES = YES;
				CLANG_WARN_SUSPICIOUS_MOVE = YES;
				CLANG_WARN_UNGUARDED_AVAILABILITY = YES_AGGRESSIVE;
				CLANG_WARN_UNREACHABLE_CODE = YES;
				CLANG_WARN__DUPLICATE_METHOD_MATCH = YES;
				COPY_PHASE_STRIP = NO;
				DEBUG_INFORMATION_FORMAT = dwarf;
				ENABLE_STRICT_OBJC_MSGSEND = YES;
				ENABLE_TESTABILITY = YES;
				ENABLE_USER_SCRIPT_SANDBOXING = YES;
				GCC_C_LANGUAGE_STANDARD = gnu17;
				GCC_DYNAMIC_NO_PIC = NO;
				GCC_NO_COMMON_BLOCKS = YES;
				GCC_OPTIMIZATION_LEVEL = 0;
				GCC_PREPROCESSOR_DEFINITIONS = (
					"DEBUG=1",
					"$(inherited)",
				);
				GCC_WARN_64_TO_32_BIT_CONVERSION = YES;
				GCC_WARN_ABOUT_RETURN_TYPE = YES_ERROR;
				GCC_WARN_UNDECLARED_SELECTOR = YES;
				GCC_WARN_UNINITIALIZED_AUTOS = YES_AGGRESSIVE;
				GCC_WARN_UNUSED_FUNCTION = YES;
				GCC_WARN_UNUSED_VARIABLE = YES;
				IPHONEOS_DEPLOYMENT_TARGET = 17.5;
				LOCALIZATION_PREFERS_STRING_CATALOGS = YES;
				MTL_ENABLE_DEBUG_INFO = INCLUDE_SOURCE;
				MTL_FAST_MATH = YES;
				ONLY_ACTIVE_ARCH = YES;
				SDKROOT = iphoneos;
				SWIFT_ACTIVE_COMPILATION_CONDITIONS = "DEBUG $(inherited)";
				SWIFT_OPTIMIZATION_LEVEL = "-Onone";
			};
			name = Debug;
		};
		BAD476B82C3C9078002428E4 /* Release */ = {
			isa = XCBuildConfiguration;
			buildSettings = {
				ALWAYS_SEARCH_USER_PATHS = NO;
				ASSETCATALOG_COMPILER_GENERATE_SWIFT_ASSET_SYMBOL_EXTENSIONS = YES;
				CLANG_ANALYZER_NONNULL = YES;
				CLANG_ANALYZER_NUMBER_OBJECT_CONVERSION = YES_AGGRESSIVE;
				CLANG_CXX_LANGUAGE_STANDARD = "gnu++20";
				CLANG_ENABLE_MODULES = YES;
				CLANG_ENABLE_OBJC_ARC = YES;
				CLANG_ENABLE_OBJC_WEAK = YES;
				CLANG_WARN_BLOCK_CAPTURE_AUTORELEASING = YES;
				CLANG_WARN_BOOL_CONVERSION = YES;
				CLANG_WARN_COMMA = YES;
				CLANG_WARN_CONSTANT_CONVERSION = YES;
				CLANG_WARN_DEPRECATED_OBJC_IMPLEMENTATIONS = YES;
				CLANG_WARN_DIRECT_OBJC_ISA_USAGE = YES_ERROR;
				CLANG_WARN_DOCUMENTATION_COMMENTS = YES;
				CLANG_WARN_EMPTY_BODY = YES;
				CLANG_WARN_ENUM_CONVERSION = YES;
				CLANG_WARN_INFINITE_RECURSION = YES;
				CLANG_WARN_INT_CONVERSION = YES;
				CLANG_WARN_NON_LITERAL_NULL_CONVERSION = YES;
				CLANG_WARN_OBJC_IMPLICIT_RETAIN_SELF = YES;
				CLANG_WARN_OBJC_LITERAL_CONVERSION = YES;
				CLANG_WARN_OBJC_ROOT_CLASS = YES_ERROR;
				CLANG_WARN_QUOTED_INCLUDE_IN_FRAMEWORK_HEADER = YES;
				CLANG_WARN_RANGE_LOOP_ANALYSIS = YES;
				CLANG_WARN_STRICT_PROTOTYPES = YES;
				CLANG_WARN_SUSPICIOUS_MOVE = YES;
				CLANG_WARN_UNGUARDED_AVAILABILITY = YES_AGGRESSIVE;
				CLANG_WARN_UNREACHABLE_CODE = YES;
				CLANG_WARN__DUPLICATE_METHOD_MATCH = YES;
				COPY_PHASE_STRIP = NO;
				DEBUG_INFORMATION_FORMAT = "dwarf-with-dsym";
				ENABLE_NS_ASSERTIONS = NO;
				ENABLE_STRICT_OBJC_MSGSEND = YES;
				ENABLE_USER_SCRIPT_SANDBOXING = YES;
				GCC_C_LANGUAGE_STANDARD = gnu17;
				GCC_NO_COMMON_BLOCKS = YES;
				GCC_WARN_64_TO_32_BIT_CONVERSION = YES;
				GCC_WARN_ABOUT_RETURN_TYPE = YES_ERROR;
				GCC_WARN_UNDECLARED_SELECTOR = YES;
				GCC_WARN_UNINITIALIZED_AUTOS = YES_AGGRESSIVE;
				GCC_WARN_UNUSED_FUNCTION = YES;
				GCC_WARN_UNUSED_VARIABLE = YES;
				IPHONEOS_DEPLOYMENT_TARGET = 17.5;
				LOCALIZATION_PREFERS_STRING_CATALOGS = YES;
				MTL_ENABLE_DEBUG_INFO = NO;
				MTL_FAST_MATH = YES;
				SDKROOT = iphoneos;
				SWIFT_COMPILATION_MODE = wholemodule;
				VALIDATE_PRODUCT = YES;
			};
			name = Release;
		};
		BAD476BA2C3C9078002428E4 /* Debug */ = {
			isa = XCBuildConfiguration;
			buildSettings = {
				ASSETCATALOG_COMPILER_APPICON_NAME = AppIcon;
				ASSETCATALOG_COMPILER_GLOBAL_ACCENT_COLOR_NAME = AccentColor;
				CODE_SIGN_STYLE = Automatic;
				CURRENT_PROJECT_VERSION = 1;
				DEVELOPMENT_ASSET_PATHS = "\"DataPractice/Preview Content\"";
				DEVELOPMENT_TEAM = 6VH946FT2M;
				ENABLE_PREVIEWS = YES;
				GENERATE_INFOPLIST_FILE = YES;
				INFOPLIST_KEY_UIApplicationSceneManifest_Generation = YES;
				INFOPLIST_KEY_UIApplicationSupportsIndirectInputEvents = YES;
				INFOPLIST_KEY_UILaunchScreen_Generation = YES;
				INFOPLIST_KEY_UISupportedInterfaceOrientations_iPad = "UIInterfaceOrientationPortrait UIInterfaceOrientationPortraitUpsideDown UIInterfaceOrientationLandscapeLeft UIInterfaceOrientationLandscapeRight";
				INFOPLIST_KEY_UISupportedInterfaceOrientations_iPhone = "UIInterfaceOrientationPortrait UIInterfaceOrientationLandscapeLeft UIInterfaceOrientationLandscapeRight";
				LD_RUNPATH_SEARCH_PATHS = (
					"$(inherited)",
					"@executable_path/Frameworks",
				);
				MARKETING_VERSION = 1.0;
				PRODUCT_BUNDLE_IDENTIFIER = com.henrycalderon.DataPractice;
				PRODUCT_NAME = "$(TARGET_NAME)";
				SWIFT_EMIT_LOC_STRINGS = YES;
				SWIFT_VERSION = 5.0;
				TARGETED_DEVICE_FAMILY = "1,2";
			};
			name = Debug;
		};
		BAD476BB2C3C9078002428E4 /* Release */ = {
			isa = XCBuildConfiguration;
			buildSettings = {
				ASSETCATALOG_COMPILER_APPICON_NAME = AppIcon;
				ASSETCATALOG_COMPILER_GLOBAL_ACCENT_COLOR_NAME = AccentColor;
				CODE_SIGN_STYLE = Automatic;
				CURRENT_PROJECT_VERSION = 1;
				DEVELOPMENT_ASSET_PATHS = "\"DataPractice/Preview Content\"";
				DEVELOPMENT_TEAM = 6VH946FT2M;
				ENABLE_PREVIEWS = YES;
				GENERATE_INFOPLIST_FILE = YES;
				INFOPLIST_KEY_UIApplicationSceneManifest_Generation = YES;
				INFOPLIST_KEY_UIApplicationSupportsIndirectInputEvents = YES;
				INFOPLIST_KEY_UILaunchScreen_Generation = YES;
				INFOPLIST_KEY_UISupportedInterfaceOrientations_iPad = "UIInterfaceOrientationPortrait UIInterfaceOrientationPortraitUpsideDown UIInterfaceOrientationLandscapeLeft UIInterfaceOrientationLandscapeRight";
				INFOPLIST_KEY_UISupportedInterfaceOrientations_iPhone = "UIInterfaceOrientationPortrait UIInterfaceOrientationLandscapeLeft UIInterfaceOrientationLandscapeRight";
				LD_RUNPATH_SEARCH_PATHS = (
					"$(inherited)",
					"@executable_path/Frameworks",
				);
				MARKETING_VERSION = 1.0;
				PRODUCT_BUNDLE_IDENTIFIER = com.henrycalderon.DataPractice;
				PRODUCT_NAME = "$(TARGET_NAME)";
				SWIFT_EMIT_LOC_STRINGS = YES;
				SWIFT_VERSION = 5.0;
				TARGETED_DEVICE_FAMILY = "1,2";
			};
			name = Release;
		};
		BAD476BD2C3C9078002428E4 /* Debug */ = {
			isa = XCBuildConfiguration;
			buildSettings = {
				ALWAYS_EMBED_SWIFT_STANDARD_LIBRARIES = YES;
				BUNDLE_LOADER = "$(TEST_HOST)";
				CODE_SIGN_STYLE = Automatic;
				CURRENT_PROJECT_VERSION = 1;
				DEVELOPMENT_TEAM = 6VH946FT2M;
				GENERATE_INFOPLIST_FILE = YES;
				IPHONEOS_DEPLOYMENT_TARGET = 17.5;
				MARKETING_VERSION = 1.0;
				PRODUCT_BUNDLE_IDENTIFIER = com.henrycalderon.DataPracticeTests;
				PRODUCT_NAME = "$(TARGET_NAME)";
				SWIFT_EMIT_LOC_STRINGS = NO;
				SWIFT_VERSION = 5.0;
				TARGETED_DEVICE_FAMILY = "1,2";
				TEST_HOST = "$(BUILT_PRODUCTS_DIR)/DataPractice.app/$(BUNDLE_EXECUTABLE_FOLDER_PATH)/DataPractice";
			};
			name = Debug;
		};
		BAD476BE2C3C9078002428E4 /* Release */ = {
			isa = XCBuildConfiguration;
			buildSettings = {
				ALWAYS_EMBED_SWIFT_STANDARD_LIBRARIES = YES;
				BUNDLE_LOADER = "$(TEST_HOST)";
				CODE_SIGN_STYLE = Automatic;
				CURRENT_PROJECT_VERSION = 1;
				DEVELOPMENT_TEAM = 6VH946FT2M;
				GENERATE_INFOPLIST_FILE = YES;
				IPHONEOS_DEPLOYMENT_TARGET = 17.5;
				MARKETING_VERSION = 1.0;
				PRODUCT_BUNDLE_IDENTIFIER = com.henrycalderon.DataPracticeTests;
				PRODUCT_NAME = "$(TARGET_NAME)";
				SWIFT_EMIT_LOC_STRINGS = NO;
				SWIFT_VERSION = 5.0;
				TARGETED_DEVICE_FAMILY = "1,2";
				TEST_HOST = "$(BUILT_PRODUCTS_DIR)/DataPractice.app/$(BUNDLE_EXECUTABLE_FOLDER_PATH)/DataPractice";
			};
			name = Release;
		};
		BAD476C02C3C9078002428E4 /* Debug */ = {
			isa = XCBuildConfiguration;
			buildSettings = {
				ALWAYS_EMBED_SWIFT_STANDARD_LIBRARIES = YES;
				CODE_SIGN_STYLE = Automatic;
				CURRENT_PROJECT_VERSION = 1;
				DEVELOPMENT_TEAM = 6VH946FT2M;
				GENERATE_INFOPLIST_FILE = YES;
				MARKETING_VERSION = 1.0;
				PRODUCT_BUNDLE_IDENTIFIER = com.henrycalderon.DataPracticeUITests;
				PRODUCT_NAME = "$(TARGET_NAME)";
				SWIFT_EMIT_LOC_STRINGS = NO;
				SWIFT_VERSION = 5.0;
				TARGETED_DEVICE_FAMILY = "1,2";
				TEST_TARGET_NAME = DataPractice;
			};
			name = Debug;
		};
		BAD476C12C3C9078002428E4 /* Release */ = {
			isa = XCBuildConfiguration;
			buildSettings = {
				ALWAYS_EMBED_SWIFT_STANDARD_LIBRARIES = YES;
				CODE_SIGN_STYLE = Automatic;
				CURRENT_PROJECT_VERSION = 1;
				DEVELOPMENT_TEAM = 6VH946FT2M;
				GENERATE_INFOPLIST_FILE = YES;
				MARKETING_VERSION = 1.0;
				PRODUCT_BUNDLE_IDENTIFIER = com.henrycalderon.DataPracticeUITests;
				PRODUCT_NAME = "$(TARGET_NAME)";
				SWIFT_EMIT_LOC_STRINGS = NO;
				SWIFT_VERSION = 5.0;
				TARGETED_DEVICE_FAMILY = "1,2";
				TEST_TARGET_NAME = DataPractice;
			};
			name = Release;
		};
/* End XCBuildConfiguration section */

/* Begin XCConfigurationList section */
		BAD4768E2C3C9074002428E4 /* Build configuration list for PBXProject "DataPractice" */ = {
			isa = XCConfigurationList;
			buildConfigurations = (
				BAD476B72C3C9078002428E4 /* Debug */,
				BAD476B82C3C9078002428E4 /* Release */,
			);
			defaultConfigurationIsVisible = 0;
			defaultConfigurationName = Release;
		};
		BAD476B92C3C9078002428E4 /* Build configuration list for PBXNativeTarget "DataPractice" */ = {
			isa = XCConfigurationList;
			buildConfigurations = (
				BAD476BA2C3C9078002428E4 /* Debug */,
				BAD476BB2C3C9078002428E4 /* Release */,
			);
			defaultConfigurationIsVisible = 0;
			defaultConfigurationName = Release;
		};
		BAD476BC2C3C9078002428E4 /* Build configuration list for PBXNativeTarget "DataPracticeTests" */ = {
			isa = XCConfigurationList;
			buildConfigurations = (
				BAD476BD2C3C9078002428E4 /* Debug */,
				BAD476BE2C3C9078002428E4 /* Release */,
			);
			defaultConfigurationIsVisible = 0;
			defaultConfigurationName = Release;
		};
		BAD476BF2C3C9078002428E4 /* Build configuration list for PBXNativeTarget "DataPracticeUITests" */ = {
			isa = XCConfigurationList;
			buildConfigurations = (
				BAD476C02C3C9078002428E4 /* Debug */,
				BAD476C12C3C9078002428E4 /* Release */,
			);
			defaultConfigurationIsVisible = 0;
			defaultConfigurationName = Release;
		};
/* End XCConfigurationList section */
	};
	rootObject = BAD4768B2C3C9074002428E4 /* Project object */;
}
